{
  "nodes": {
    "nixpkgs": {
      "locked": {
        "lastModified": 1637427387,
        "narHash": "sha256-Ity623Tj1mekcvT2Qyh/j4XB3HNhPdvt2LGZLdFjL3I=",
        "path": "/nix/store/k6g9kxbj4h0mx0v8b06xqmpqzhrl8l43-source",
        "rev": "be2bc44d0e12d0fbb5f89fe410fa6c3baa64ef3c",
        "type": "path"
      },
      "original": {
        "id": "nixpkgs",
        "type": "indirect"
      }
    },
    "nixpkgs-mozilla": {
      "flake": false,
      "locked": {
        "lastModified": 1637337116,
        "narHash": "sha256-LKqAcdL+woWeYajs02bDQ7q8rsqgXuzhC354NoRaV80=",
        "owner": "mozilla",
        "repo": "nixpkgs-mozilla",
        "rev": "cbc7435f5b0b3d17b16fb1d20cf7b616eec5e093",
        "type": "github"
      },
      "original": {
        "owner": "mozilla",
        "repo": "nixpkgs-mozilla",
        "type": "github"
      }
    },
    "root": {
      "inputs": {
        "nixpkgs": "nixpkgs",
        "nixpkgs-mozilla": "nixpkgs-mozilla"
      }
    }
  },
  "root": "root",
  "version": 7
}
