{
  "nodes": {
    "nixpkgs": {
      "locked": {
        "lastModified": 1634289643,
        "narHash": "sha256-6h+zeK6IJfdVq1TwOzq9nmgVaZk13qDvstEMrm1NeSU=",
        "path": "/nix/store/s0dfgd1bv47xhc4ll40qi88fhxwg9gpk-source",
        "rev": "329f38c54f59aa9fb065e8dfa40231432fb2e660",
        "type": "path"
      },
      "original": {
        "id": "nixpkgs",
        "type": "indirect"
      }
    },
    "nixpkgs-mozilla": {
      "flake": false,
      "locked": {
        "lastModified": 1629225446,
        "narHash": "sha256-HJX4Pc5ZUAg4apxB/XHuJ+6ukzvRQqeZMjscOBst2bA=",
        "owner": "mozilla",
        "repo": "nixpkgs-mozilla",
        "rev": "0510159186dd2ef46e5464484fbdf119393afa58",
        "type": "github"
      },
      "original": {
        "owner": "mozilla",
        "repo": "nixpkgs-mozilla",
        "type": "github"
      }
    },
    "root": {
      "inputs": {
        "nixpkgs": "nixpkgs",
        "nixpkgs-mozilla": "nixpkgs-mozilla"
      }
    }
  },
  "root": "root",
  "version": 7
}
